# This file is automatically @generated by Cargo.
# It is not intended for manual editing.
version = 4

[[package]]
name = "config-extends-rust"
version = "0.1.0"
dependencies = [
 "config-mutations-rust",
 "mcp-protocol-rust",
]

[[package]]
name = "config-mutations-rust"
version = "0.1.0"
dependencies = [
 "mcp-protocol-rust",
]

[[package]]
name = "mcp-protocol-rust"
version = "0.1.0"
