# This file is automatically @generated by Cargo.
# It is not intended for manual editing.
version = 4

[[package]]
name = "mcp-protocol-rust"
version = "0.1.0"

[[package]]
name = "terminal-pilot-mcp-rust"
version = "0.1.0"
dependencies = [
 "mcp-protocol-rust",
 "terminal-pilot-rust",
 "toolcraft-schema-rust",
]

[[package]]
name = "terminal-pilot-rust"
version = "0.1.0"
dependencies = [
 "mcp-protocol-rust",
 "terminal-png-rust",
 "toolcraft-schema-rust",
]

[[package]]
name = "terminal-png-rust"
version = "0.1.0"
dependencies = [
 "mcp-protocol-rust",
]

[[package]]
name = "toolcraft-schema-rust"
version = "0.1.0"
dependencies = [
 "mcp-protocol-rust",
]
