# This file is automatically @generated by Cargo.
# It is not intended for manual editing.
version = 4

[[package]]
name = "agent-defs-rust"
version = "0.1.0"
dependencies = [
 "mcp-protocol-rust",
]

[[package]]
name = "agent-hook-config-rust"
version = "0.1.0"
dependencies = [
 "agent-defs-rust",
 "agent-skill-config-rust",
 "mcp-protocol-rust",
]

[[package]]
name = "agent-skill-config-rust"
version = "0.1.0"
dependencies = [
 "agent-defs-rust",
 "mcp-protocol-rust",
]

[[package]]
name = "mcp-protocol-rust"
version = "0.1.0"
