{"runId":"admission-20260829-v7r3-02","mode":"admission","recipe":"bd4690d595751b99b3a2bf020f0063f86c03b23ae2600ecaa637be7dc6096b1c","grant":{"commit":"9f007f43a96a49ea55f3110018f63cb50c54f7a6","path":"tests/comparison/breadth-continuation-20260828/executor-v7-r3/runs/admission-20260829-v7r3-02-preparation/activation/ROOT-GRANT.json","sha256":"684dd18aa1825f7dc1ca4c9eb12c1b84c463dec79083ff2943483613e9f321e1"}}
