{"runId":"semantic-functional-20260829-v2-01","mode":"cohort","recipe":"fb820b8b7d08ed2cd61af7d75c286ed133daa7a5457937061ffafd8e6982dce1","grant":{"commit":"1979eca53f1a878619e0442dc6184f84bec030b0","path":"tests/comparison/breadth-continuation-20260828/executor-v7-r3/runs/semantic-functional-profile-v2-20260829/runs/activation/ROOT-GRANT.json","sha256":"d9b4f0c5e91f2b1b7b0c4c0db6110afa7c165f51ab5892182bffc53e04fccef2"}}
